
Microsoft Visual Studio Solution File, Format Version 12.00
# Visual Studio Version 17
VisualStudioVersion = 17.5.002.0
MinimumVisualStudioVersion = 10.0.40219.1
Project("{9A19103F-16F7-4668-BE54-9A1E7A4F7556}") = "UltStore", "UltStore.csproj", "{F738302A-9645-4EFC-9BC3-6086333BB4F0}"
EndProject
Global
	GlobalSection(SolutionConfigurationPlatforms) = preSolution
		Debug|Any CPU = Debug|Any CPU
		Release|Any CPU = Release|Any CPU
	EndGlobalSection
	GlobalSection(ProjectConfigurationPlatforms) = postSolution
		{F738302A-9645-4EFC-9BC3-6086333BB4F0}.Debug|Any CPU.ActiveCfg = Debug|Any CPU
		{F738302A-9645-4EFC-9BC3-6086333BB4F0}.Debug|Any CPU.Build.0 = Debug|Any CPU
		{F738302A-9645-4EFC-9BC3-6086333BB4F0}.Release|Any CPU.ActiveCfg = Release|Any CPU
		{F738302A-9645-4EFC-9BC3-6086333BB4F0}.Release|Any CPU.Build.0 = Release|Any CPU
	EndGlobalSection
	GlobalSection(SolutionProperties) = preSolution
		HideSolutionNode = FALSE
	EndGlobalSection
	GlobalSection(ExtensibilityGlobals) = postSolution
		SolutionGuid = {A0A97DE7-5CA4-4F62-A2E8-99169309940E}
	EndGlobalSection
EndGlobal
